<?xml version="1.0" encoding="utf-8"?>
<Project ToolsVersion="4.0" xmlns="http://schemas.microsoft.com/developer/msbuild/2003">
  <ItemGroup>
    <Filter Include="src">
      <UniqueIdentifier>{4d6c43b2-bf86-4692-bfa8-7d1e399704ae}</UniqueIdentifier>
    </Filter>
    <Filter Include="Editor">
      <UniqueIdentifier>{8af57d0d-70ab-4208-a542-8aec1def489c}</UniqueIdentifier>
    </Filter>
    <Filter Include="res">
      <UniqueIdentifier>{9155c260-024d-41cd-8460-509253fe905d}</UniqueIdentifier>
    </Filter>
    <Filter Include="res\shaders">
      <UniqueIdentifier>{ec223d62-2709-45e7-9b66-7a28e9110955}</UniqueIdentifier>
    </Filter>
    <Filter Include="res\icons">
      <UniqueIdentifier>{515fe060-62a3-4336-b594-4b6773852726}</UniqueIdentifier>
    </Filter>
    <Filter Include="res\config">
      <UniqueIdentifier>{eb456aa3-f540-44c6-b010-2a621b2c630b}</UniqueIdentifier>
    </Filter>
    <Filter Include="Plugs">
      <UniqueIdentifier>{b63184b7-6588-4d00-acb3-d65311044332}</UniqueIdentifier>
    </Filter>
    <Filter Include="Runtime">
      <UniqueIdentifier>{6925032f-04fb-464a-9288-d5cfa3b1c597}</UniqueIdentifier>
    </Filter>
    <Filter Include="Script">
      <UniqueIdentifier>{2287d0eb-178c-4a30-bf6e-d2eee65f6015}</UniqueIdentifier>
    </Filter>
    <Filter Include="Script\ScriptEngine">
      <UniqueIdentifier>{7c3cc23d-d294-4fcb-b95f-43339a9e2394}</UniqueIdentifier>
    </Filter>
    <Filter Include="Script\Bindings">
      <UniqueIdentifier>{aeec3454-6715-427a-888a-a8fa377e1907}</UniqueIdentifier>
    </Filter>
    <Filter Include="Script\Components">
      <UniqueIdentifier>{6d3eede5-2685-45e3-9643-3632e7cc6642}</UniqueIdentifier>
    </Filter>
    <Filter Include="Physics">
      <UniqueIdentifier>{294aa601-ccde-402a-aead-74629971e856}</UniqueIdentifier>
    </Filter>
    <Filter Include="Graphics">
      <UniqueIdentifier>{03679b80-97d7-40db-b7a6-7d3a7e25330b}</UniqueIdentifier>
    </Filter>
    <Filter Include="Graphics\OpenGL">
      <UniqueIdentifier>{67fca105-261e-49a3-afbb-b1222ee1f8aa}</UniqueIdentifier>
    </Filter>
    <Filter Include="EngineCore">
      <UniqueIdentifier>{80ce0e42-7527-4745-b413-a3f570e279e3}</UniqueIdentifier>
    </Filter>
    <Filter Include="EngineCore\Core">
      <UniqueIdentifier>{4f7415a3-8cf8-48bf-aa2d-fee409ce8ad3}</UniqueIdentifier>
    </Filter>
    <Filter Include="EngineCore\ECS">
      <UniqueIdentifier>{f6a782ef-0799-4c85-8bbc-2e5a92b98af4}</UniqueIdentifier>
    </Filter>
    <Filter Include="EngineCore\Resources">
      <UniqueIdentifier>{b07ac68a-11cf-4a87-a438-9d43c040f3ea}</UniqueIdentifier>
    </Filter>
    <Filter Include="EngineCore\Utils">
      <UniqueIdentifier>{38c40e85-41c4-46cf-b720-ff269233a5e9}</UniqueIdentifier>
    </Filter>
    <Filter Include="Editor\include">
      <UniqueIdentifier>{0630abe7-344e-48db-8060-87d50a42bfee}</UniqueIdentifier>
    </Filter>
    <Filter Include="Graphics\include">
      <UniqueIdentifier>{8cec906e-e6d4-4bac-a6e0-16821626cf4c}</UniqueIdentifier>
    </Filter>
    <Filter Include="EngineCore\include">
      <UniqueIdentifier>{05353adf-6c5d-4233-9427-6ccceb9e34e8}</UniqueIdentifier>
    </Filter>
    <Filter Include="Physics\include">
      <UniqueIdentifier>{9f0d7b80-f26e-4771-9a04-478989b22da6}</UniqueIdentifier>
    </Filter>
    <Filter Include="Script\include">
      <UniqueIdentifier>{de493af4-0fbc-42bc-b99d-ecad538224b1}</UniqueIdentifier>
    </Filter>
    <Filter Include="Runtime\include">
      <UniqueIdentifier>{53dbcf5b-0c0c-4d38-ba89-946c564ad13f}</UniqueIdentifier>
    </Filter>
    <Filter Include="Plugs\include">
      <UniqueIdentifier>{a5a609d5-848e-4009-97c4-35d8b5125b67}</UniqueIdentifier>
    </Filter>
    <Filter Include="src\include">
      <UniqueIdentifier>{50523bde-e6c2-4bc4-80b8-126b33816c07}</UniqueIdentifier>
    </Filter>
    <Filter Include="Graphics\Vulkan">
      <UniqueIdentifier>{822cf4bc-2995-4683-8857-b15c0fc8e7d1}</UniqueIdentifier>
    </Filter>
    <Filter Include="Graphics\DirectX">
      <UniqueIdentifier>{aacb9d38-3cdc-4474-8cfe-074b62ce2982}</UniqueIdentifier>
    </Filter>
  </ItemGroup>
  <ItemGroup>
    <ClCompile Include="src\EngineApp.cpp">
      <Filter>src</Filter>
    </ClCompile>
    <ClCompile Include="src\main.cpp">
      <Filter>src</Filter>
    </ClCompile>
    <ClCompile Include="Editor\EditorLayer.cpp">
      <Filter>Editor</Filter>
    </ClCompile>
    <ClCompile Include="Editor\Inspector.cpp">
      <Filter>Editor</Filter>
    </ClCompile>
    <ClCompile Include="Editor\ResourceBrowser.cpp">
      <Filter>Editor</Filter>
    </ClCompile>
    <ClCompile Include="Editor\Viewport.cpp">
      <Filter>Editor</Filter>
    </ClCompile>
    <ClCompile Include="Runtime\Application.cpp">
      <Filter>Runtime</Filter>
    </ClCompile>
    <ClCompile Include="Runtime\GameLoop.cpp">
      <Filter>Runtime</Filter>
    </ClCompile>
    <ClCompile Include="Graphics\OpenGL\Renderer.cpp">
      <Filter>Graphics\OpenGL</Filter>
    </ClCompile>
    <ClCompile Include="Graphics\OpenGL\Shader.cpp">
      <Filter>Graphics\OpenGL</Filter>
    </ClCompile>
    <ClCompile Include="Graphics\OpenGL\Texture.cpp">
      <Filter>Graphics\OpenGL</Filter>
    </ClCompile>
  </ItemGroup>
  <ItemGroup>
    <Text Include="CMakeLists.txt" />
    <Text Include="structure.txt" />
  </ItemGroup>
  <ItemGroup>
    <ClInclude Include="Plugs\include\IPlugin.h">
      <Filter>Plugs\include</Filter>
    </ClInclude>
    <ClInclude Include="Graphics\include\Camera.h">
      <Filter>Graphics\include</Filter>
    </ClInclude>
    <ClInclude Include="Graphics\include\RenderAPI.h">
      <Filter>Graphics\include</Filter>
    </ClInclude>
    <ClInclude Include="Graphics\include\Renderer.h">
      <Filter>Graphics\include</Filter>
    </ClInclude>
    <ClInclude Include="Physics\include\PhysicsWorld.h">
      <Filter>Physics\include</Filter>
    </ClInclude>
    <ClInclude Include="Physics\include\RigidBody.h">
      <Filter>Physics\include</Filter>
    </ClInclude>
    <ClInclude Include="src\include\EngineApp.h">
      <Filter>src\include</Filter>
    </ClInclude>
  </ItemGroup>
</Project>